
Microsoft Visual Studio Solution File, Format Version 12.00
# Visual Studio Version 17
VisualStudioVersion = 17.7.34031.279
MinimumVisualStudioVersion = 10.0.40219.1
Project("{FAE04EC0-301F-11D3-BF4B-00C04F79EFBC}") = "Asian_FlavoursHub", "Asian_FlavoursHub\Asian_FlavoursHub.csproj", "{88705A16-6A14-4083-B347-A45E3BBA0395}"
EndProject
Global
	GlobalSection(SolutionConfigurationPlatforms) = preSolution
		Debug|Any CPU = Debug|Any CPU
		Release|Any CPU = Release|Any CPU
	EndGlobalSection
	GlobalSection(ProjectConfigurationPlatforms) = postSolution
		{88705A16-6A14-4083-B347-A45E3BBA0395}.Debug|Any CPU.ActiveCfg = Debug|Any CPU
		{88705A16-6A14-4083-B347-A45E3BBA0395}.Debug|Any CPU.Build.0 = Debug|Any CPU
		{88705A16-6A14-4083-B347-A45E3BBA0395}.Release|Any CPU.ActiveCfg = Release|Any CPU
		{88705A16-6A14-4083-B347-A45E3BBA0395}.Release|Any CPU.Build.0 = Release|Any CPU
	EndGlobalSection
	GlobalSection(SolutionProperties) = preSolution
		HideSolutionNode = FALSE
	EndGlobalSection
	GlobalSection(ExtensibilityGlobals) = postSolution
		SolutionGuid = {2DD79524-CA13-45CD-963A-AB4A61AC211C}
	EndGlobalSection
EndGlobal
